
Microsoft Visual Studio Solution File, Format Version 12.00
# Visual Studio Version 17
VisualStudioVersion = 17.3.32929.385
MinimumVisualStudioVersion = 10.0.40219.1
Project("{FAE04EC0-301F-11D3-BF4B-00C04F79EFBC}") = "Krytoisaitmega3d", "Krytoisaitmega3d\Krytoisaitmega3d.csproj", "{240A6DFB-C55F-4333-8099-66CB83AA116D}"
EndProject
Global
	GlobalSection(SolutionConfigurationPlatforms) = preSolution
		Debug|Any CPU = Debug|Any CPU
		Release|Any CPU = Release|Any CPU
	EndGlobalSection
	GlobalSection(ProjectConfigurationPlatforms) = postSolution
		{240A6DFB-C55F-4333-8099-66CB83AA116D}.Debug|Any CPU.ActiveCfg = Debug|Any CPU
		{240A6DFB-C55F-4333-8099-66CB83AA116D}.Debug|Any CPU.Build.0 = Debug|Any CPU
		{240A6DFB-C55F-4333-8099-66CB83AA116D}.Release|Any CPU.ActiveCfg = Release|Any CPU
		{240A6DFB-C55F-4333-8099-66CB83AA116D}.Release|Any CPU.Build.0 = Release|Any CPU
	EndGlobalSection
	GlobalSection(SolutionProperties) = preSolution
		HideSolutionNode = FALSE
	EndGlobalSection
	GlobalSection(ExtensibilityGlobals) = postSolution
		SolutionGuid = {789E1F77-339E-48FF-BFF3-526F24710804}
	EndGlobalSection
EndGlobal
